# THIS IS AN AUTOGENERATED FILE. DO NOT EDIT THIS FILE DIRECTLY.
# yarn lockfile v1


bun-types@latest:
  version "0.7.3"
  resolved "https://registry.yarnpkg.com/bun-types/-/bun-types-0.7.3.tgz#9ee3aaefa9d231c2b300521b42e71039a8479679"
  integrity sha512-kssLD5mDLoawmLZFgQRRq0Wy+dca/os6TZ0MHWyFVoVAEwSrpAxmNCZ1K1GUelfhlDaL2FikRxeF9GkATdzXZg==

cron@^2.4.1:
  version "2.4.1"
  resolved "https://registry.yarnpkg.com/cron/-/cron-2.4.1.tgz#90000398576beb3787339a1b3131f336aed10771"
  integrity sha512-ty0hUSPuENwDtIShDFxUxWEIsqiu2vhoFtt6Vwrbg4lHGtJX2/cV2p0hH6/qaEM9Pj+i6mQoau48BO5wBpkP4w==
  dependencies:
    luxon "^3.2.1"

luxon@^3.2.1:
  version "3.4.1"
  resolved "https://registry.yarnpkg.com/luxon/-/luxon-3.4.1.tgz#9147374b2c539e7893f906c420e9b080b59c5457"
  integrity sha512-2USspxOCXWGIKHwuQ9XElxPPYrDOJHDQ5DQ870CoD+CxJbBnRDIBCfhioUJJjct7BKOy80Ia8cVstIcIMb/0+Q==
